
Microsoft Visual Studio Solution File, Format Version 12.00
# Visual Studio 15
VisualStudioVersion = 15.0.27130.2027
MinimumVisualStudioVersion = 10.0.40219.1
Project("{FAE04EC0-301F-11D3-BF4B-00C04F79EFBC}") = "TestWebApplication", "TestWebApplication\TestWebApplication.csproj", "{62AA15C4-81BA-418D-887E-18806DC986BF}"
EndProject
Project("{FAE04EC0-301F-11D3-BF4B-00C04F79EFBC}") = "TestWebApplication.Tests", "TestWebApplication.Tests\TestWebApplication.Tests.csproj", "{12D044E8-775C-4D71-ADE1-96EADCEFD3CB}"
EndProject
Global
	GlobalSection(SolutionConfigurationPlatforms) = preSolution
		Debug|Any CPU = Debug|Any CPU
		Release|Any CPU = Release|Any CPU
	EndGlobalSection
	GlobalSection(ProjectConfigurationPlatforms) = postSolution
		{62AA15C4-81BA-418D-887E-18806DC986BF}.Debug|Any CPU.ActiveCfg = Debug|Any CPU
		{62AA15C4-81BA-418D-887E-18806DC986BF}.Debug|Any CPU.Build.0 = Debug|Any CPU
		{62AA15C4-81BA-418D-887E-18806DC986BF}.Release|Any CPU.ActiveCfg = Release|Any CPU
		{62AA15C4-81BA-418D-887E-18806DC986BF}.Release|Any CPU.Build.0 = Release|Any CPU
		{12D044E8-775C-4D71-ADE1-96EADCEFD3CB}.Debug|Any CPU.ActiveCfg = Debug|Any CPU
		{12D044E8-775C-4D71-ADE1-96EADCEFD3CB}.Debug|Any CPU.Build.0 = Debug|Any CPU
		{12D044E8-775C-4D71-ADE1-96EADCEFD3CB}.Release|Any CPU.ActiveCfg = Release|Any CPU
		{12D044E8-775C-4D71-ADE1-96EADCEFD3CB}.Release|Any CPU.Build.0 = Release|Any CPU
	EndGlobalSection
	GlobalSection(SolutionProperties) = preSolution
		HideSolutionNode = FALSE
	EndGlobalSection
	GlobalSection(ExtensibilityGlobals) = postSolution
		SolutionGuid = {2E0998C9-5224-4306-8828-D41BB7D35EA4}
	EndGlobalSection
EndGlobal
